{
  "name": "bitmap-game",
  "lockfileVersion": 3,
  "requires": true,
  "packages": {
    "": {
      "dependencies": {
        "pubnub-sse": "^1.0.8"
      }
    },
    "node_modules/pubnub-sse": {
      "version": "1.0.8",
      "resolved": "https://registry.npmjs.org/pubnub-sse/-/pubnub-sse-1.0.8.tgz",
      "integrity": "sha512-QqraBpD0wvvA40azNFD3AZjqgSZDW3APnaSUlyEkXEX7vULpFGW45t9nuor8ktJWPsQYpkekvSp1+5KHG9Oh2g==",
      "license": "MIT"
    }
  }
}
